
Microsoft Visual Studio Solution File, Format Version 12.00
# Visual Studio Version 16
VisualStudioVersion = 16.0.31019.35
MinimumVisualStudioVersion = 10.0.40219.1
Project("{FAE04EC0-301F-11D3-BF4B-00C04F79EFBC}") = "Parser", "Parser.csproj", "{F63505C2-316C-4057-8D6D-E329FA2DA702}"
EndProject
Global
	GlobalSection(SolutionConfigurationPlatforms) = preSolution
		Debug|Any CPU = Debug|Any CPU
		Release|Any CPU = Release|Any CPU
	EndGlobalSection
	GlobalSection(ProjectConfigurationPlatforms) = postSolution
		{F63505C2-316C-4057-8D6D-E329FA2DA702}.Debug|Any CPU.ActiveCfg = Debug|Any CPU
		{F63505C2-316C-4057-8D6D-E329FA2DA702}.Debug|Any CPU.Build.0 = Debug|Any CPU
		{F63505C2-316C-4057-8D6D-E329FA2DA702}.Release|Any CPU.ActiveCfg = Release|Any CPU
		{F63505C2-316C-4057-8D6D-E329FA2DA702}.Release|Any CPU.Build.0 = Release|Any CPU
	EndGlobalSection
	GlobalSection(SolutionProperties) = preSolution
		HideSolutionNode = FALSE
	EndGlobalSection
	GlobalSection(ExtensibilityGlobals) = postSolution
		SolutionGuid = {D6AF88BB-0F45-4A45-A7E6-BE58C3114DC8}
	EndGlobalSection
EndGlobal
